
Microsoft Visual Studio Solution File, Format Version 11.00
# Visual Studio 2010
Project("{FAE04EC0-301F-11D3-BF4B-00C04F79EFBC}") = "SoundCloudDownloader", "SoundCloudDownloader\SoundCloudDownloader.csproj", "{18227163-7DDA-4B3B-ABDF-26C64D026EEB}"
EndProject
Global
	GlobalSection(SolutionConfigurationPlatforms) = preSolution
		Debug|Any CPU = Debug|Any CPU
		Debug|x86 = Debug|x86
		Release|Any CPU = Release|Any CPU
		Release|x86 = Release|x86
	EndGlobalSection
	GlobalSection(ProjectConfigurationPlatforms) = postSolution
		{18227163-7DDA-4B3B-ABDF-26C64D026EEB}.Debug|Any CPU.ActiveCfg = Debug|Any CPU
		{18227163-7DDA-4B3B-ABDF-26C64D026EEB}.Debug|Any CPU.Build.0 = Debug|Any CPU
		{18227163-7DDA-4B3B-ABDF-26C64D026EEB}.Debug|x86.ActiveCfg = Debug|x86
		{18227163-7DDA-4B3B-ABDF-26C64D026EEB}.Debug|x86.Build.0 = Debug|x86
		{18227163-7DDA-4B3B-ABDF-26C64D026EEB}.Release|Any CPU.ActiveCfg = Release|Any CPU
		{18227163-7DDA-4B3B-ABDF-26C64D026EEB}.Release|Any CPU.Build.0 = Release|Any CPU
		{18227163-7DDA-4B3B-ABDF-26C64D026EEB}.Release|x86.ActiveCfg = Release|x86
		{18227163-7DDA-4B3B-ABDF-26C64D026EEB}.Release|x86.Build.0 = Release|x86
	EndGlobalSection
	GlobalSection(SolutionProperties) = preSolution
		HideSolutionNode = FALSE
	EndGlobalSection
EndGlobal
